
Microsoft Visual Studio Solution File, Format Version 12.00
# Visual Studio Version 17
VisualStudioVersion = 17.0.31903.59
MinimumVisualStudioVersion = 10.0.40219.1
Project("{FAE04EC0-301F-11D3-BF4B-00C04F79EFBC}") = "WebPage", "Frontend\ASP UI\WebPage.csproj", "{2A8C1251-5BB8-4B0A-BCD5-FB8261D5775F}"
EndProject
Project("{2150E333-8FDC-42A3-9474-1A3956D46DE8}") = "Frontend", "Frontend", "{9A1B72A4-EC3C-4D61-B6BA-A188684EF5D1}"
EndProject
Project("{2150E333-8FDC-42A3-9474-1A3956D46DE8}") = "ASP UI", "ASP UI", "{070E801C-C0B6-4465-9E2F-3D4AB1F795A9}"
EndProject
Project("{2150E333-8FDC-42A3-9474-1A3956D46DE8}") = "Backend", "Backend", "{3C15BEE4-6037-4D90-921D-74FBD683AEC0}"
EndProject
Project("{2150E333-8FDC-42A3-9474-1A3956D46DE8}") = "gRPCServices", "gRPCServices", "{68DB9831-BBD8-4997-BA7C-128E5BB92F58}"
EndProject
Project("{2150E333-8FDC-42A3-9474-1A3956D46DE8}") = "WpfApp", "WpfApp", "{38AC7843-1A54-4505-A249-425CA56A1F6C}"
EndProject
Project("{FAE04EC0-301F-11D3-BF4B-00C04F79EFBC}") = "WpfApp", "Frontend\WPF\WpfApp.csproj", "{A2B38987-26F4-4FE9-9935-0BEE3E44C1E8}"
EndProject
Project("{FAE04EC0-301F-11D3-BF4B-00C04F79EFBC}") = "ImagesProductService", "Backend\gRPCServices\ImagesProductService\ImagesProductService.csproj", "{EF7A18EA-C5D6-4989-8337-BF5DCB4EE7BF}"
EndProject
Project("{2150E333-8FDC-42A3-9474-1A3956D46DE8}") = "AuctionServices", "AuctionServices", "{02EA681E-C7D8-13C7-8484-4AC65E1B71E8}"
EndProject
Project("{2150E333-8FDC-42A3-9474-1A3956D46DE8}") = "ProductServices", "ProductServices", "{7AD0DB69-D5FF-42A3-939E-739713C1D446}"
EndProject
Project("{FAE04EC0-301F-11D3-BF4B-00C04F79EFBC}") = "ProductSellerService", "Backend\ProductService\Seller\ProductSellerService.csproj", "{2CD9EA1A-0EDF-4F53-2D41-595AFB9BA2DC}"
EndProject
Project("{FAE04EC0-301F-11D3-BF4B-00C04F79EFBC}") = "ProductBuyerService", "Backend\ProductService\Buyer\ProductBuyerService.csproj", "{62B3C545-1AC8-183B-5C47-60385E4143E2}"
EndProject
Project("{FAE04EC0-301F-11D3-BF4B-00C04F79EFBC}") = "ProductService", "Backend\ProductService\Product\ProductService.csproj", "{D04BEAC8-C01A-B6C0-BFC4-76866E482B89}"
EndProject
Project("{FAE04EC0-301F-11D3-BF4B-00C04F79EFBC}") = "AuctionAuctioneerService", "Backend\AuctionService\Auctioneer\AuctionAuctioneerService.csproj", "{E3F86E9B-954D-CF1A-9BEA-BAE57D8BF819}"
EndProject
Project("{FAE04EC0-301F-11D3-BF4B-00C04F79EFBC}") = "AuctionParticipantService", "Backend\AuctionService\Participant\AuctionParticipantService.csproj", "{6E1D7C72-B404-61A5-4893-EB317F47A282}"
EndProject
Project("{2150E333-8FDC-42A3-9474-1A3956D46DE8}") = "UserServices", "UserServices", "{52564961-3DC6-482B-B0FA-EA1BCC475FB9}"
EndProject
Project("{FAE04EC0-301F-11D3-BF4B-00C04F79EFBC}") = "AccountService", "Backend\UserService\AccountService\AccountService.csproj", "{5A1305E2-A322-9134-B113-EBD5A64B5CEC}"
EndProject
Project("{FAE04EC0-301F-11D3-BF4B-00C04F79EFBC}") = "ProfileService", "Backend\UserService\ProfileService\ProfileService.csproj", "{1C9B8841-EB11-44F4-9794-6FD31F4EDA26}"
EndProject
Project("{FAE04EC0-301F-11D3-BF4B-00C04F79EFBC}") = "AuthService", "Backend\UserService\AuthService\AuthService.csproj", "{A8FDB441-EE9E-4333-9AB5-F5931E0D865F}"
EndProject
Project("{2150E333-8FDC-42A3-9474-1A3956D46DE8}") = "Solution Items", "Solution Items", "{8EC462FD-D22E-90A8-E5CE-7E832BA40C5D}"
	ProjectSection(SolutionItems) = preProject
		.dockerignore = .dockerignore
		.gitattributes = .gitattributes
		.gitignore = .gitignore
		Database.sql = Database.sql
		docker-compose.yml = docker-compose.yml
		LICENSE.txt = LICENSE.txt
		README.md = README.md
	EndProjectSection
EndProject
Project("{FAE04EC0-301F-11D3-BF4B-00C04F79EFBC}") = "ClienteMAUI", "Frontend\ClienteMAUI\ClienteMAUI.csproj", "{A60CED50-BBD5-4590-804B-233F2E491ECA}"
EndProject
Project("{2150E333-8FDC-42A3-9474-1A3956D46DE8}") = "AndroidClient", "AndroidClient", "{32AE8EC7-A437-4315-B2E6-219BA5A67DA5}"
EndProject
Global
	GlobalSection(SolutionConfigurationPlatforms) = preSolution
		Debug|Any CPU = Debug|Any CPU
		Release|Any CPU = Release|Any CPU
	EndGlobalSection
	GlobalSection(ProjectConfigurationPlatforms) = postSolution
		{2A8C1251-5BB8-4B0A-BCD5-FB8261D5775F}.Debug|Any CPU.ActiveCfg = Debug|Any CPU
		{2A8C1251-5BB8-4B0A-BCD5-FB8261D5775F}.Debug|Any CPU.Build.0 = Debug|Any CPU
		{2A8C1251-5BB8-4B0A-BCD5-FB8261D5775F}.Release|Any CPU.ActiveCfg = Release|Any CPU
		{2A8C1251-5BB8-4B0A-BCD5-FB8261D5775F}.Release|Any CPU.Build.0 = Release|Any CPU
		{A2B38987-26F4-4FE9-9935-0BEE3E44C1E8}.Debug|Any CPU.ActiveCfg = Debug|Any CPU
		{A2B38987-26F4-4FE9-9935-0BEE3E44C1E8}.Debug|Any CPU.Build.0 = Debug|Any CPU
		{A2B38987-26F4-4FE9-9935-0BEE3E44C1E8}.Release|Any CPU.ActiveCfg = Release|Any CPU
		{A2B38987-26F4-4FE9-9935-0BEE3E44C1E8}.Release|Any CPU.Build.0 = Release|Any CPU
		{EF7A18EA-C5D6-4989-8337-BF5DCB4EE7BF}.Debug|Any CPU.ActiveCfg = Debug|Any CPU
		{EF7A18EA-C5D6-4989-8337-BF5DCB4EE7BF}.Debug|Any CPU.Build.0 = Debug|Any CPU
		{EF7A18EA-C5D6-4989-8337-BF5DCB4EE7BF}.Release|Any CPU.ActiveCfg = Release|Any CPU
		{EF7A18EA-C5D6-4989-8337-BF5DCB4EE7BF}.Release|Any CPU.Build.0 = Release|Any CPU
		{2CD9EA1A-0EDF-4F53-2D41-595AFB9BA2DC}.Debug|Any CPU.ActiveCfg = Debug|Any CPU
		{2CD9EA1A-0EDF-4F53-2D41-595AFB9BA2DC}.Debug|Any CPU.Build.0 = Debug|Any CPU
		{2CD9EA1A-0EDF-4F53-2D41-595AFB9BA2DC}.Release|Any CPU.ActiveCfg = Release|Any CPU
		{2CD9EA1A-0EDF-4F53-2D41-595AFB9BA2DC}.Release|Any CPU.Build.0 = Release|Any CPU
		{62B3C545-1AC8-183B-5C47-60385E4143E2}.Debug|Any CPU.ActiveCfg = Debug|Any CPU
		{62B3C545-1AC8-183B-5C47-60385E4143E2}.Debug|Any CPU.Build.0 = Debug|Any CPU
		{62B3C545-1AC8-183B-5C47-60385E4143E2}.Release|Any CPU.ActiveCfg = Release|Any CPU
		{62B3C545-1AC8-183B-5C47-60385E4143E2}.Release|Any CPU.Build.0 = Release|Any CPU
		{D04BEAC8-C01A-B6C0-BFC4-76866E482B89}.Debug|Any CPU.ActiveCfg = Debug|Any CPU
		{D04BEAC8-C01A-B6C0-BFC4-76866E482B89}.Debug|Any CPU.Build.0 = Debug|Any CPU
		{D04BEAC8-C01A-B6C0-BFC4-76866E482B89}.Release|Any CPU.ActiveCfg = Release|Any CPU
		{D04BEAC8-C01A-B6C0-BFC4-76866E482B89}.Release|Any CPU.Build.0 = Release|Any CPU
		{E3F86E9B-954D-CF1A-9BEA-BAE57D8BF819}.Debug|Any CPU.ActiveCfg = Debug|Any CPU
		{E3F86E9B-954D-CF1A-9BEA-BAE57D8BF819}.Debug|Any CPU.Build.0 = Debug|Any CPU
		{E3F86E9B-954D-CF1A-9BEA-BAE57D8BF819}.Release|Any CPU.ActiveCfg = Release|Any CPU
		{E3F86E9B-954D-CF1A-9BEA-BAE57D8BF819}.Release|Any CPU.Build.0 = Release|Any CPU
		{6E1D7C72-B404-61A5-4893-EB317F47A282}.Debug|Any CPU.ActiveCfg = Debug|Any CPU
		{6E1D7C72-B404-61A5-4893-EB317F47A282}.Debug|Any CPU.Build.0 = Debug|Any CPU
		{6E1D7C72-B404-61A5-4893-EB317F47A282}.Release|Any CPU.ActiveCfg = Release|Any CPU
		{6E1D7C72-B404-61A5-4893-EB317F47A282}.Release|Any CPU.Build.0 = Release|Any CPU
		{5A1305E2-A322-9134-B113-EBD5A64B5CEC}.Debug|Any CPU.ActiveCfg = Debug|Any CPU
		{5A1305E2-A322-9134-B113-EBD5A64B5CEC}.Debug|Any CPU.Build.0 = Debug|Any CPU
		{5A1305E2-A322-9134-B113-EBD5A64B5CEC}.Release|Any CPU.ActiveCfg = Release|Any CPU
		{5A1305E2-A322-9134-B113-EBD5A64B5CEC}.Release|Any CPU.Build.0 = Release|Any CPU
		{1C9B8841-EB11-44F4-9794-6FD31F4EDA26}.Debug|Any CPU.ActiveCfg = Debug|Any CPU
		{1C9B8841-EB11-44F4-9794-6FD31F4EDA26}.Debug|Any CPU.Build.0 = Debug|Any CPU
		{1C9B8841-EB11-44F4-9794-6FD31F4EDA26}.Release|Any CPU.ActiveCfg = Release|Any CPU
		{1C9B8841-EB11-44F4-9794-6FD31F4EDA26}.Release|Any CPU.Build.0 = Release|Any CPU
		{A8FDB441-EE9E-4333-9AB5-F5931E0D865F}.Debug|Any CPU.ActiveCfg = Debug|Any CPU
		{A8FDB441-EE9E-4333-9AB5-F5931E0D865F}.Debug|Any CPU.Build.0 = Debug|Any CPU
		{A8FDB441-EE9E-4333-9AB5-F5931E0D865F}.Release|Any CPU.ActiveCfg = Release|Any CPU
		{A8FDB441-EE9E-4333-9AB5-F5931E0D865F}.Release|Any CPU.Build.0 = Release|Any CPU
		{A60CED50-BBD5-4590-804B-233F2E491ECA}.Debug|Any CPU.ActiveCfg = Debug|Any CPU
		{A60CED50-BBD5-4590-804B-233F2E491ECA}.Debug|Any CPU.Build.0 = Debug|Any CPU
		{A60CED50-BBD5-4590-804B-233F2E491ECA}.Release|Any CPU.ActiveCfg = Release|Any CPU
		{A60CED50-BBD5-4590-804B-233F2E491ECA}.Release|Any CPU.Build.0 = Release|Any CPU
	EndGlobalSection
	GlobalSection(SolutionProperties) = preSolution
		HideSolutionNode = FALSE
	EndGlobalSection
	GlobalSection(NestedProjects) = preSolution
		{2A8C1251-5BB8-4B0A-BCD5-FB8261D5775F} = {070E801C-C0B6-4465-9E2F-3D4AB1F795A9}
		{070E801C-C0B6-4465-9E2F-3D4AB1F795A9} = {9A1B72A4-EC3C-4D61-B6BA-A188684EF5D1}
		{68DB9831-BBD8-4997-BA7C-128E5BB92F58} = {3C15BEE4-6037-4D90-921D-74FBD683AEC0}
		{38AC7843-1A54-4505-A249-425CA56A1F6C} = {9A1B72A4-EC3C-4D61-B6BA-A188684EF5D1}
		{A2B38987-26F4-4FE9-9935-0BEE3E44C1E8} = {38AC7843-1A54-4505-A249-425CA56A1F6C}
		{EF7A18EA-C5D6-4989-8337-BF5DCB4EE7BF} = {68DB9831-BBD8-4997-BA7C-128E5BB92F58}
		{02EA681E-C7D8-13C7-8484-4AC65E1B71E8} = {3C15BEE4-6037-4D90-921D-74FBD683AEC0}
		{7AD0DB69-D5FF-42A3-939E-739713C1D446} = {3C15BEE4-6037-4D90-921D-74FBD683AEC0}
		{2CD9EA1A-0EDF-4F53-2D41-595AFB9BA2DC} = {7AD0DB69-D5FF-42A3-939E-739713C1D446}
		{62B3C545-1AC8-183B-5C47-60385E4143E2} = {7AD0DB69-D5FF-42A3-939E-739713C1D446}
		{D04BEAC8-C01A-B6C0-BFC4-76866E482B89} = {7AD0DB69-D5FF-42A3-939E-739713C1D446}
		{E3F86E9B-954D-CF1A-9BEA-BAE57D8BF819} = {02EA681E-C7D8-13C7-8484-4AC65E1B71E8}
		{6E1D7C72-B404-61A5-4893-EB317F47A282} = {02EA681E-C7D8-13C7-8484-4AC65E1B71E8}
		{52564961-3DC6-482B-B0FA-EA1BCC475FB9} = {3C15BEE4-6037-4D90-921D-74FBD683AEC0}
		{5A1305E2-A322-9134-B113-EBD5A64B5CEC} = {52564961-3DC6-482B-B0FA-EA1BCC475FB9}
		{1C9B8841-EB11-44F4-9794-6FD31F4EDA26} = {52564961-3DC6-482B-B0FA-EA1BCC475FB9}
		{A8FDB441-EE9E-4333-9AB5-F5931E0D865F} = {52564961-3DC6-482B-B0FA-EA1BCC475FB9}
		{A60CED50-BBD5-4590-804B-233F2E491ECA} = {32AE8EC7-A437-4315-B2E6-219BA5A67DA5}
		{32AE8EC7-A437-4315-B2E6-219BA5A67DA5} = {9A1B72A4-EC3C-4D61-B6BA-A188684EF5D1}
	EndGlobalSection
	GlobalSection(ExtensibilityGlobals) = postSolution
		SolutionGuid = {CBBA6B33-82A5-4C48-9BE5-D783F4C62288}
	EndGlobalSection
EndGlobal
