
Microsoft Visual Studio Solution File, Format Version 12.00
# Visual Studio Version 17
VisualStudioVersion = 17.0.31903.59
MinimumVisualStudioVersion = 10.0.40219.1
Project("{FAE04EC0-301F-11D3-BF4B-00C04F79EFBC}") = "WebPage", "Frontend\ASP UI\WebPage.csproj", "{2A8C1251-5BB8-4B0A-BCD5-FB8261D5775F}"
EndProject
Project("{FAE04EC0-301F-11D3-BF4B-00C04F79EFBC}") = "Backend", "Backend\ASP API\Backend.csproj", "{C20AC2C8-1A00-452C-A320-8EBABA1E9A3A}"
EndProject
Project("{2150E333-8FDC-42A3-9474-1A3956D46DE8}") = "Frontend", "Frontend", "{9A1B72A4-EC3C-4D61-B6BA-A188684EF5D1}"
EndProject
Project("{2150E333-8FDC-42A3-9474-1A3956D46DE8}") = "ASP UI", "ASP UI", "{070E801C-C0B6-4465-9E2F-3D4AB1F795A9}"
EndProject
Project("{2150E333-8FDC-42A3-9474-1A3956D46DE8}") = "Backend", "Backend", "{3C15BEE4-6037-4D90-921D-74FBD683AEC0}"
EndProject
Project("{2150E333-8FDC-42A3-9474-1A3956D46DE8}") = "ASP API", "ASP API", "{F12C66DD-9A59-43EE-9B01-E67ABD13EC56}"
EndProject
Project("{2150E333-8FDC-42A3-9474-1A3956D46DE8}") = "gRPCServices", "gRPCServices", "{68DB9831-BBD8-4997-BA7C-128E5BB92F58}"
EndProject
Project("{FAE04EC0-301F-11D3-BF4B-00C04F79EFBC}") = "gRPCImagesProductService", "Backend\gRPCServices\gRPCImagesProductService\gRPCImagesProductService.csproj", "{CF1A448A-38EC-43C0-89C4-A793E1A2D6FB}"
EndProject
Project("{FAE04EC0-301F-11D3-BF4B-00C04F79EFBC}") = "WpfApp", "Frontend\WPF\WpfApp\WpfApp.csproj", "{EE70C75C-8D33-4D2A-A0F6-F1F16E592522}"
EndProject
Global
	GlobalSection(SolutionConfigurationPlatforms) = preSolution
		Debug|Any CPU = Debug|Any CPU
		Release|Any CPU = Release|Any CPU
	EndGlobalSection
	GlobalSection(ProjectConfigurationPlatforms) = postSolution
		{2A8C1251-5BB8-4B0A-BCD5-FB8261D5775F}.Debug|Any CPU.ActiveCfg = Debug|Any CPU
		{2A8C1251-5BB8-4B0A-BCD5-FB8261D5775F}.Debug|Any CPU.Build.0 = Debug|Any CPU
		{2A8C1251-5BB8-4B0A-BCD5-FB8261D5775F}.Release|Any CPU.ActiveCfg = Release|Any CPU
		{2A8C1251-5BB8-4B0A-BCD5-FB8261D5775F}.Release|Any CPU.Build.0 = Release|Any CPU
		{C20AC2C8-1A00-452C-A320-8EBABA1E9A3A}.Debug|Any CPU.ActiveCfg = Debug|Any CPU
		{C20AC2C8-1A00-452C-A320-8EBABA1E9A3A}.Debug|Any CPU.Build.0 = Debug|Any CPU
		{C20AC2C8-1A00-452C-A320-8EBABA1E9A3A}.Release|Any CPU.ActiveCfg = Release|Any CPU
		{C20AC2C8-1A00-452C-A320-8EBABA1E9A3A}.Release|Any CPU.Build.0 = Release|Any CPU
		{CF1A448A-38EC-43C0-89C4-A793E1A2D6FB}.Debug|Any CPU.ActiveCfg = Debug|Any CPU
		{CF1A448A-38EC-43C0-89C4-A793E1A2D6FB}.Debug|Any CPU.Build.0 = Debug|Any CPU
		{CF1A448A-38EC-43C0-89C4-A793E1A2D6FB}.Release|Any CPU.ActiveCfg = Release|Any CPU
		{CF1A448A-38EC-43C0-89C4-A793E1A2D6FB}.Release|Any CPU.Build.0 = Release|Any CPU
		{EE70C75C-8D33-4D2A-A0F6-F1F16E592522}.Debug|Any CPU.ActiveCfg = Debug|Any CPU
		{EE70C75C-8D33-4D2A-A0F6-F1F16E592522}.Debug|Any CPU.Build.0 = Debug|Any CPU
		{EE70C75C-8D33-4D2A-A0F6-F1F16E592522}.Release|Any CPU.ActiveCfg = Release|Any CPU
		{EE70C75C-8D33-4D2A-A0F6-F1F16E592522}.Release|Any CPU.Build.0 = Release|Any CPU
	EndGlobalSection
	GlobalSection(SolutionProperties) = preSolution
		HideSolutionNode = FALSE
	EndGlobalSection
	GlobalSection(NestedProjects) = preSolution
		{2A8C1251-5BB8-4B0A-BCD5-FB8261D5775F} = {070E801C-C0B6-4465-9E2F-3D4AB1F795A9}
		{C20AC2C8-1A00-452C-A320-8EBABA1E9A3A} = {F12C66DD-9A59-43EE-9B01-E67ABD13EC56}
		{070E801C-C0B6-4465-9E2F-3D4AB1F795A9} = {9A1B72A4-EC3C-4D61-B6BA-A188684EF5D1}
		{F12C66DD-9A59-43EE-9B01-E67ABD13EC56} = {3C15BEE4-6037-4D90-921D-74FBD683AEC0}
		{68DB9831-BBD8-4997-BA7C-128E5BB92F58} = {3C15BEE4-6037-4D90-921D-74FBD683AEC0}
		{CF1A448A-38EC-43C0-89C4-A793E1A2D6FB} = {68DB9831-BBD8-4997-BA7C-128E5BB92F58}
		{EE70C75C-8D33-4D2A-A0F6-F1F16E592522} = {9A1B72A4-EC3C-4D61-B6BA-A188684EF5D1}
	EndGlobalSection
EndGlobal
